
Microsoft Visual Studio Solution File, Format Version 12.00
# Visual Studio Version 16
VisualStudioVersion = 16.0.30907.101
MinimumVisualStudioVersion = 10.0.40219.1
Project("{FAE04EC0-301F-11D3-BF4B-00C04F79EFBC}") = "SocketPhanTichTongHop", "SocketServer\SocketPhanTichTongHop.csproj", "{D3FB9FFF-9A69-45B3-8890-E91BA114A2CF}"
EndProject
Global
	GlobalSection(SolutionConfigurationPlatforms) = preSolution
		Debug|Any CPU = Debug|Any CPU
		Release|Any CPU = Release|Any CPU
	EndGlobalSection
	GlobalSection(ProjectConfigurationPlatforms) = postSolution
		{D3FB9FFF-9A69-45B3-8890-E91BA114A2CF}.Debug|Any CPU.ActiveCfg = Debug|Any CPU
		{D3FB9FFF-9A69-45B3-8890-E91BA114A2CF}.Debug|Any CPU.Build.0 = Debug|Any CPU
		{D3FB9FFF-9A69-45B3-8890-E91BA114A2CF}.Release|Any CPU.ActiveCfg = Release|Any CPU
		{D3FB9FFF-9A69-45B3-8890-E91BA114A2CF}.Release|Any CPU.Build.0 = Release|Any CPU
	EndGlobalSection
	GlobalSection(SolutionProperties) = preSolution
		HideSolutionNode = FALSE
	EndGlobalSection
	GlobalSection(ExtensibilityGlobals) = postSolution
		SolutionGuid = {D6BD95B7-2ECA-406E-BEDF-13D8A716E1B8}
	EndGlobalSection
EndGlobal
